
Microsoft Visual Studio Solution File, Format Version 12.00
Project("{FAE04EC0-301F-11D3-BF4B-00C04F79EFBC}") = "CaptionMaker.Core", "CaptionMaker.Core\CaptionMaker.Core.csproj", "{1FBCAC47-90C5-4DE2-B6E6-B076E12A0FE9}"
EndProject
Project("{FAE04EC0-301F-11D3-BF4B-00C04F79EFBC}") = "CaptionMaker.Cli", "CaptionMaker.Cli\CaptionMaker.Cli.csproj", "{14DD7882-69E2-4515-B9A6-78D597C2BA7E}"
EndProject
Project("{FAE04EC0-301F-11D3-BF4B-00C04F79EFBC}") = "CaptionMaker.Tests", "CaptionMaker.Tests\CaptionMaker.Tests.csproj", "{16AF73CF-FDE7-4BAB-B906-DC255430B656}"
EndProject
Project("{FAE04EC0-301F-11D3-BF4B-00C04F79EFBC}") = "AvaloniaApplication.Avalonia", "AvaloniaApplication.Avalonia\AvaloniaApplication.Avalonia\AvaloniaApplication.Avalonia.csproj", "{1334B048-C94A-47BD-BA9E-85403F78D08D}"
EndProject
Project("{FAE04EC0-301F-11D3-BF4B-00C04F79EFBC}") = "AvaloniaApplication.Avalonia.Android", "AvaloniaApplication.Avalonia\AvaloniaApplication.Avalonia.Android\AvaloniaApplication.Avalonia.Android.csproj", "{3C86C44F-4451-48D0-A20B-A1A1BC218E97}"
EndProject
Project("{FAE04EC0-301F-11D3-BF4B-00C04F79EFBC}") = "AvaloniaApplication.Avalonia.Desktop", "AvaloniaApplication.Avalonia\AvaloniaApplication.Avalonia.Desktop\AvaloniaApplication.Avalonia.Desktop.csproj", "{70A65522-A49F-40F2-AE01-B88A55A4CE74}"
EndProject
Project("{FAE04EC0-301F-11D3-BF4B-00C04F79EFBC}") = "AvaloniaApplication.Avalonia.iOS", "AvaloniaApplication.Avalonia\AvaloniaApplication.Avalonia.iOS\AvaloniaApplication.Avalonia.iOS.csproj", "{481977B6-1A42-4F03-B38C-794785517AAA}"
EndProject
Project("{FAE04EC0-301F-11D3-BF4B-00C04F79EFBC}") = "AvaloniaApplication.Avalonia.Browser", "AvaloniaApplication.Avalonia\AvaloniaApplication.Avalonia.Browser\AvaloniaApplication.Avalonia.Browser.csproj", "{5AD7D3B4-21E3-4277-84D9-988B2E5FF3BA}"
EndProject
Global
	GlobalSection(SolutionConfigurationPlatforms) = preSolution
		Debug|Any CPU = Debug|Any CPU
		Release|Any CPU = Release|Any CPU
	EndGlobalSection
	GlobalSection(ProjectConfigurationPlatforms) = postSolution
		{1FBCAC47-90C5-4DE2-B6E6-B076E12A0FE9}.Debug|Any CPU.ActiveCfg = Debug|Any CPU
		{1FBCAC47-90C5-4DE2-B6E6-B076E12A0FE9}.Debug|Any CPU.Build.0 = Debug|Any CPU
		{1FBCAC47-90C5-4DE2-B6E6-B076E12A0FE9}.Release|Any CPU.ActiveCfg = Release|Any CPU
		{1FBCAC47-90C5-4DE2-B6E6-B076E12A0FE9}.Release|Any CPU.Build.0 = Release|Any CPU
		{14DD7882-69E2-4515-B9A6-78D597C2BA7E}.Debug|Any CPU.ActiveCfg = Debug|Any CPU
		{14DD7882-69E2-4515-B9A6-78D597C2BA7E}.Debug|Any CPU.Build.0 = Debug|Any CPU
		{14DD7882-69E2-4515-B9A6-78D597C2BA7E}.Release|Any CPU.ActiveCfg = Release|Any CPU
		{14DD7882-69E2-4515-B9A6-78D597C2BA7E}.Release|Any CPU.Build.0 = Release|Any CPU
		{16AF73CF-FDE7-4BAB-B906-DC255430B656}.Debug|Any CPU.ActiveCfg = Debug|Any CPU
		{16AF73CF-FDE7-4BAB-B906-DC255430B656}.Debug|Any CPU.Build.0 = Debug|Any CPU
		{16AF73CF-FDE7-4BAB-B906-DC255430B656}.Release|Any CPU.ActiveCfg = Release|Any CPU
		{16AF73CF-FDE7-4BAB-B906-DC255430B656}.Release|Any CPU.Build.0 = Release|Any CPU
		{1334B048-C94A-47BD-BA9E-85403F78D08D}.Debug|Any CPU.ActiveCfg = Debug|Any CPU
		{1334B048-C94A-47BD-BA9E-85403F78D08D}.Debug|Any CPU.Build.0 = Debug|Any CPU
		{1334B048-C94A-47BD-BA9E-85403F78D08D}.Release|Any CPU.ActiveCfg = Release|Any CPU
		{1334B048-C94A-47BD-BA9E-85403F78D08D}.Release|Any CPU.Build.0 = Release|Any CPU
		{3C86C44F-4451-48D0-A20B-A1A1BC218E97}.Debug|Any CPU.ActiveCfg = Debug|Any CPU
		{3C86C44F-4451-48D0-A20B-A1A1BC218E97}.Debug|Any CPU.Build.0 = Debug|Any CPU
		{3C86C44F-4451-48D0-A20B-A1A1BC218E97}.Release|Any CPU.ActiveCfg = Release|Any CPU
		{3C86C44F-4451-48D0-A20B-A1A1BC218E97}.Release|Any CPU.Build.0 = Release|Any CPU
		{70A65522-A49F-40F2-AE01-B88A55A4CE74}.Debug|Any CPU.ActiveCfg = Debug|Any CPU
		{70A65522-A49F-40F2-AE01-B88A55A4CE74}.Debug|Any CPU.Build.0 = Debug|Any CPU
		{70A65522-A49F-40F2-AE01-B88A55A4CE74}.Release|Any CPU.ActiveCfg = Release|Any CPU
		{70A65522-A49F-40F2-AE01-B88A55A4CE74}.Release|Any CPU.Build.0 = Release|Any CPU
		{481977B6-1A42-4F03-B38C-794785517AAA}.Debug|Any CPU.ActiveCfg = Debug|Any CPU
		{481977B6-1A42-4F03-B38C-794785517AAA}.Debug|Any CPU.Build.0 = Debug|Any CPU
		{481977B6-1A42-4F03-B38C-794785517AAA}.Release|Any CPU.ActiveCfg = Release|Any CPU
		{481977B6-1A42-4F03-B38C-794785517AAA}.Release|Any CPU.Build.0 = Release|Any CPU
		{5AD7D3B4-21E3-4277-84D9-988B2E5FF3BA}.Debug|Any CPU.ActiveCfg = Debug|Any CPU
		{5AD7D3B4-21E3-4277-84D9-988B2E5FF3BA}.Debug|Any CPU.Build.0 = Debug|Any CPU
		{5AD7D3B4-21E3-4277-84D9-988B2E5FF3BA}.Release|Any CPU.ActiveCfg = Release|Any CPU
		{5AD7D3B4-21E3-4277-84D9-988B2E5FF3BA}.Release|Any CPU.Build.0 = Release|Any CPU
	EndGlobalSection
EndGlobal
